// !$*UTF8*$!
{
	archiveVersion = 1;
	classes = {
	};
	objectVersion = 45;
	objects = {

/* Begin PBXBuildFile section */
		1DDD58160DA1D0A300B32029 /* MainMenu.xib in Resources */ = {isa = PBXBuildFile; fileRef = 1DDD58140DA1D0A300B32029 /* MainMenu.xib */; };
		256AC3DA0F4B6AC300CF3369 /* CurrencyConverterAppDelegate.m in Sources */ = {isa = PBXBuildFile; fileRef = 256AC3D90F4B6AC300CF3369 /* CurrencyConverterAppDelegate.m */; };
		8D11072B0486CEB800E47090 /* InfoPlist.strings in Resources */ = {isa = PBXBuildFile; fileRef = 089C165CFE840E0CC02AAC07 /* InfoPlist.strings */; };
		8D11072F0486CEB800E47090 /* Cocoa.framework in Frameworks */ = {isa = PBXBuildFile; fileRef = 1058C7A1FEA54F0111CA2CBB /* Cocoa.framework */; };
		A332750F1271486A00976928 /* ConverterController.m in Sources */ = {isa = PBXBuildFile; fileRef = A332750E1271486A00976928 /* ConverterController.m */; };
		A3327720127176D800976928 /* HSOBJC_dummy_C.m in Sources */ = {isa = PBXBuildFile; fileRef = A332771F127176D800976928 /* HSOBJC_dummy_C.m */; };
		A33277C61271812F00976928 /* InfoPlist.strings in Resources */ = {isa = PBXBuildFile; fileRef = 089C165CFE840E0CC02AAC07 /* InfoPlist.strings */; };
		A33277C71271812F00976928 /* MainMenu.xib in Resources */ = {isa = PBXBuildFile; fileRef = 1DDD58140DA1D0A300B32029 /* MainMenu.xib */; };
		A33277CA1271812F00976928 /* CurrencyConverterAppDelegate.m in Sources */ = {isa = PBXBuildFile; fileRef = 256AC3D90F4B6AC300CF3369 /* CurrencyConverterAppDelegate.m */; };
		A33277CB1271812F00976928 /* Converter.m in Sources */ = {isa = PBXBuildFile; fileRef = A371E20212714154009FAA94 /* Converter.m */; };
		A33277CC1271812F00976928 /* ConverterController.m in Sources */ = {isa = PBXBuildFile; fileRef = A332750E1271486A00976928 /* ConverterController.m */; };
		A33277CD1271812F00976928 /* HSOBJC_dummy_C.m in Sources */ = {isa = PBXBuildFile; fileRef = A332771F127176D800976928 /* HSOBJC_dummy_C.m */; };
		A33277CF1271812F00976928 /* Cocoa.framework in Frameworks */ = {isa = PBXBuildFile; fileRef = 1058C7A1FEA54F0111CA2CBB /* Cocoa.framework */; };
		A33278481271A2A600976928 /* Main.hs in Resources */ = {isa = PBXBuildFile; fileRef = A33278471271A2A600976928 /* Main.hs */; };
		A371E20312714154009FAA94 /* Converter.m in Sources */ = {isa = PBXBuildFile; fileRef = A371E20212714154009FAA94 /* Converter.m */; };
/* End PBXBuildFile section */

/* Begin PBXFileReference section */
		089C165DFE840E0CC02AAC07 /* English */ = {isa = PBXFileReference; fileEncoding = 4; lastKnownFileType = text.plist.strings; name = English; path = English.lproj/InfoPlist.strings; sourceTree = "<group>"; };
		1058C7A1FEA54F0111CA2CBB /* Cocoa.framework */ = {isa = PBXFileReference; lastKnownFileType = wrapper.framework; name = Cocoa.framework; path = /System/Library/Frameworks/Cocoa.framework; sourceTree = "<absolute>"; };
		13E42FB307B3F0F600E4EEF1 /* CoreData.framework */ = {isa = PBXFileReference; lastKnownFileType = wrapper.framework; name = CoreData.framework; path = /System/Library/Frameworks/CoreData.framework; sourceTree = "<absolute>"; };
		1DDD58150DA1D0A300B32029 /* English */ = {isa = PBXFileReference; lastKnownFileType = file.xib; name = English; path = English.lproj/MainMenu.xib; sourceTree = "<group>"; };
		256AC3D80F4B6AC300CF3369 /* CurrencyConverterAppDelegate.h */ = {isa = PBXFileReference; fileEncoding = 4; lastKnownFileType = sourcecode.c.h; path = CurrencyConverterAppDelegate.h; sourceTree = "<group>"; };
		256AC3D90F4B6AC300CF3369 /* CurrencyConverterAppDelegate.m */ = {isa = PBXFileReference; fileEncoding = 4; lastKnownFileType = sourcecode.c.objc; path = CurrencyConverterAppDelegate.m; sourceTree = "<group>"; };
		256AC3F00F4B6AF500CF3369 /* CurrencyConverter_Prefix.pch */ = {isa = PBXFileReference; fileEncoding = 4; lastKnownFileType = sourcecode.c.h; path = CurrencyConverter_Prefix.pch; sourceTree = "<group>"; };
		29B97324FDCFA39411CA2CEA /* AppKit.framework */ = {isa = PBXFileReference; lastKnownFileType = wrapper.framework; name = AppKit.framework; path = /System/Library/Frameworks/AppKit.framework; sourceTree = "<absolute>"; };
		29B97325FDCFA39411CA2CEA /* Foundation.framework */ = {isa = PBXFileReference; lastKnownFileType = wrapper.framework; name = Foundation.framework; path = /System/Library/Frameworks/Foundation.framework; sourceTree = "<absolute>"; };
		8D1107310486CEB800E47090 /* CurrencyConverter-Info.plist */ = {isa = PBXFileReference; fileEncoding = 4; lastKnownFileType = text.plist.xml; path = "CurrencyConverter-Info.plist"; sourceTree = "<group>"; };
		8D1107320486CEB800E47090 /* CurrencyConverter.app */ = {isa = PBXFileReference; explicitFileType = wrapper.application; includeInIndex = 0; path = CurrencyConverter.app; sourceTree = BUILT_PRODUCTS_DIR; };
		A332750D1271486A00976928 /* ConverterController.h */ = {isa = PBXFileReference; fileEncoding = 4; lastKnownFileType = sourcecode.c.h; path = ConverterController.h; sourceTree = "<group>"; };
		A332750E1271486A00976928 /* ConverterController.m */ = {isa = PBXFileReference; fileEncoding = 4; lastKnownFileType = sourcecode.c.objc; path = ConverterController.m; sourceTree = "<group>"; };
		A332771F127176D800976928 /* HSOBJC_dummy_C.m */ = {isa = PBXFileReference; fileEncoding = 4; lastKnownFileType = sourcecode.c.objc; path = HSOBJC_dummy_C.m; sourceTree = "<group>"; };
		A33277B7127180DD00976928 /* ffi.h */ = {isa = PBXFileReference; fileEncoding = 4; lastKnownFileType = sourcecode.c.h; path = ffi.h; sourceTree = "<group>"; };
		A33277D41271812F00976928 /* CurrencyConverter.app */ = {isa = PBXFileReference; explicitFileType = wrapper.application; includeInIndex = 0; path = CurrencyConverter.app; sourceTree = BUILT_PRODUCTS_DIR; };
		A33277D61271812F00976928 /* CurrencyConverter-Info copy.plist */ = {isa = PBXFileReference; lastKnownFileType = text.plist.xml; path = "CurrencyConverter-Info copy.plist"; sourceTree = "<group>"; };
		A33278471271A2A600976928 /* Main.hs */ = {isa = PBXFileReference; fileEncoding = 4; lastKnownFileType = text; path = Main.hs; sourceTree = "<group>"; };
		A371E20112714154009FAA94 /* Converter.h */ = {isa = PBXFileReference; fileEncoding = 4; lastKnownFileType = sourcecode.c.h; path = Converter.h; sourceTree = "<group>"; };
		A371E20212714154009FAA94 /* Converter.m */ = {isa = PBXFileReference; fileEncoding = 4; lastKnownFileType = sourcecode.c.objc; path = Converter.m; sourceTree = "<group>"; };
/* End PBXFileReference section */

/* Begin PBXFrameworksBuildPhase section */
		8D11072E0486CEB800E47090 /* Frameworks */ = {
			isa = PBXFrameworksBuildPhase;
			buildActionMask = 2147483647;
			files = (
				8D11072F0486CEB800E47090 /* Cocoa.framework in Frameworks */,
			);
			runOnlyForDeploymentPostprocessing = 0;
		};
		A33277CE1271812F00976928 /* Frameworks */ = {
			isa = PBXFrameworksBuildPhase;
			buildActionMask = 2147483647;
			files = (
				A33277CF1271812F00976928 /* Cocoa.framework in Frameworks */,
			);
			runOnlyForDeploymentPostprocessing = 0;
		};
/* End PBXFrameworksBuildPhase section */

/* Begin PBXGroup section */
		080E96DDFE201D6D7F000001 /* Classes */ = {
			isa = PBXGroup;
			children = (
				256AC3D80F4B6AC300CF3369 /* CurrencyConverterAppDelegate.h */,
				256AC3D90F4B6AC300CF3369 /* CurrencyConverterAppDelegate.m */,
				A371E20112714154009FAA94 /* Converter.h */,
				A371E20212714154009FAA94 /* Converter.m */,
				A332750D1271486A00976928 /* ConverterController.h */,
				A332750E1271486A00976928 /* ConverterController.m */,
			);
			name = Classes;
			sourceTree = "<group>";
		};
		1058C7A0FEA54F0111CA2CBB /* Linked Frameworks */ = {
			isa = PBXGroup;
			children = (
				1058C7A1FEA54F0111CA2CBB /* Cocoa.framework */,
			);
			name = "Linked Frameworks";
			sourceTree = "<group>";
		};
		1058C7A2FEA54F0111CA2CBB /* Other Frameworks */ = {
			isa = PBXGroup;
			children = (
				29B97324FDCFA39411CA2CEA /* AppKit.framework */,
				13E42FB307B3F0F600E4EEF1 /* CoreData.framework */,
				29B97325FDCFA39411CA2CEA /* Foundation.framework */,
			);
			name = "Other Frameworks";
			sourceTree = "<group>";
		};
		19C28FACFE9D520D11CA2CBB /* Products */ = {
			isa = PBXGroup;
			children = (
				8D1107320486CEB800E47090 /* CurrencyConverter.app */,
				A33277D41271812F00976928 /* CurrencyConverter.app */,
			);
			name = Products;
			sourceTree = "<group>";
		};
		29B97314FDCFA39411CA2CEA /* CurrencyConverter */ = {
			isa = PBXGroup;
			children = (
				080E96DDFE201D6D7F000001 /* Classes */,
				29B97315FDCFA39411CA2CEA /* Other Sources */,
				29B97317FDCFA39411CA2CEA /* Resources */,
				29B97323FDCFA39411CA2CEA /* Frameworks */,
				19C28FACFE9D520D11CA2CBB /* Products */,
			);
			name = CurrencyConverter;
			sourceTree = "<group>";
		};
		29B97315FDCFA39411CA2CEA /* Other Sources */ = {
			isa = PBXGroup;
			children = (
				A332784A1271A2B200976928 /* haskell */,
				A33278491271A2AA00976928 /* ffi */,
				256AC3F00F4B6AF500CF3369 /* CurrencyConverter_Prefix.pch */,
			);
			name = "Other Sources";
			sourceTree = "<group>";
		};
		29B97317FDCFA39411CA2CEA /* Resources */ = {
			isa = PBXGroup;
			children = (
				8D1107310486CEB800E47090 /* CurrencyConverter-Info.plist */,
				089C165CFE840E0CC02AAC07 /* InfoPlist.strings */,
				1DDD58140DA1D0A300B32029 /* MainMenu.xib */,
				A33277D61271812F00976928 /* CurrencyConverter-Info copy.plist */,
			);
			name = Resources;
			sourceTree = "<group>";
		};
		29B97323FDCFA39411CA2CEA /* Frameworks */ = {
			isa = PBXGroup;
			children = (
				A33275461271588100976928 /* Static Libraries */,
				1058C7A0FEA54F0111CA2CBB /* Linked Frameworks */,
				1058C7A2FEA54F0111CA2CBB /* Other Frameworks */,
			);
			name = Frameworks;
			sourceTree = "<group>";
		};
		A33275461271588100976928 /* Static Libraries */ = {
			isa = PBXGroup;
			children = (
			);
			name = "Static Libraries";
			sourceTree = "<group>";
		};
		A33278491271A2AA00976928 /* ffi */ = {
			isa = PBXGroup;
			children = (
				A332771F127176D800976928 /* HSOBJC_dummy_C.m */,
				A33277B7127180DD00976928 /* ffi.h */,
			);
			name = ffi;
			sourceTree = "<group>";
		};
		A332784A1271A2B200976928 /* haskell */ = {
			isa = PBXGroup;
			children = (
				A33278471271A2A600976928 /* Main.hs */,
			);
			name = haskell;
			sourceTree = "<group>";
		};
/* End PBXGroup section */

/* Begin PBXNativeTarget section */
		8D1107260486CEB800E47090 /* CurrencyConverter */ = {
			isa = PBXNativeTarget;
			buildConfigurationList = C01FCF4A08A954540054247B /* Build configuration list for PBXNativeTarget "CurrencyConverter" */;
			buildPhases = (
				8D1107290486CEB800E47090 /* Resources */,
				8D11072C0486CEB800E47090 /* Sources */,
				8D11072E0486CEB800E47090 /* Frameworks */,
				A332770C1271753A00976928 /* ShellScript */,
			);
			buildRules = (
			);
			dependencies = (
			);
			name = CurrencyConverter;
			productInstallPath = "$(HOME)/Applications";
			productName = CurrencyConverter;
			productReference = 8D1107320486CEB800E47090 /* CurrencyConverter.app */;
			productType = "com.apple.product-type.application";
		};
		A33277C41271812F00976928 /* CurrencyConverter Dummy */ = {
			isa = PBXNativeTarget;
			buildConfigurationList = A33277D11271812F00976928 /* Build configuration list for PBXNativeTarget "CurrencyConverter Dummy" */;
			buildPhases = (
				A33277C51271812F00976928 /* Resources */,
				A33277C91271812F00976928 /* Sources */,
				A33277CE1271812F00976928 /* Frameworks */,
			);
			buildRules = (
			);
			dependencies = (
			);
			name = "CurrencyConverter Dummy";
			productInstallPath = "$(HOME)/Applications";
			productName = CurrencyConverter;
			productReference = A33277D41271812F00976928 /* CurrencyConverter.app */;
			productType = "com.apple.product-type.application";
		};
/* End PBXNativeTarget section */

/* Begin PBXProject section */
		29B97313FDCFA39411CA2CEA /* Project object */ = {
			isa = PBXProject;
			buildConfigurationList = C01FCF4E08A954540054247B /* Build configuration list for PBXProject "CurrencyConverter" */;
			compatibilityVersion = "Xcode 3.1";
			developmentRegion = English;
			hasScannedForEncodings = 1;
			knownRegions = (
				English,
				Japanese,
				French,
				German,
			);
			mainGroup = 29B97314FDCFA39411CA2CEA /* CurrencyConverter */;
			projectDirPath = "";
			projectRoot = "";
			targets = (
				8D1107260486CEB800E47090 /* CurrencyConverter */,
				A33277C41271812F00976928 /* CurrencyConverter Dummy */,
			);
		};
/* End PBXProject section */

/* Begin PBXResourcesBuildPhase section */
		8D1107290486CEB800E47090 /* Resources */ = {
			isa = PBXResourcesBuildPhase;
			buildActionMask = 2147483647;
			files = (
				8D11072B0486CEB800E47090 /* InfoPlist.strings in Resources */,
				1DDD58160DA1D0A300B32029 /* MainMenu.xib in Resources */,
				A33278481271A2A600976928 /* Main.hs in Resources */,
			);
			runOnlyForDeploymentPostprocessing = 0;
		};
		A33277C51271812F00976928 /* Resources */ = {
			isa = PBXResourcesBuildPhase;
			buildActionMask = 2147483647;
			files = (
				A33277C61271812F00976928 /* InfoPlist.strings in Resources */,
				A33277C71271812F00976928 /* MainMenu.xib in Resources */,
			);
			runOnlyForDeploymentPostprocessing = 0;
		};
/* End PBXResourcesBuildPhase section */

/* Begin PBXShellScriptBuildPhase section */
		A332770C1271753A00976928 /* ShellScript */ = {
			isa = PBXShellScriptBuildPhase;
			buildActionMask = 2147483647;
			files = (
			);
			inputPaths = (
			);
			outputPaths = (
			);
			runOnlyForDeploymentPostprocessing = 0;
			shellPath = /usr/bin/python;
			shellScript = "#!/usr/bin/python\n# -*- coding: utf-8 -*-\nimport sys\nimport os\nimport shutil\nfrom subprocess import call\n\nenv = os.environ.get\n\n# Adjust these settings for your project!\n# TODO: These settings can surely be extracted automatically from Xcode...\nframeworks = [\"Cocoa\"]\n\n# this object files will be replaced by Haskell\ndummy_objectfiles = [\"HSOBJC_dummy_C.o\"]  \n\nhssource = \"Main.hs\"\n\n\n\n\nprint \"Starting Haskell build phase...\"\n\n# STEP 1\nprint \"parsing filelist...\"\nfilelist_path = os.path.join(env('OBJECT_FILE_DIR_normal'), env('CURRENT_ARCH'),  \n                             env('EXECUTABLE_NAME') + \".LinkFileList\")\n\nwith open(filelist_path, 'r') as f:\n    stripped_lines = (x.strip() for x in f.readlines())\n    filelist = [('\"%s\"' % line) for line in stripped_lines \n                if os.path.basename(line) not in dummy_objectfiles]\n\t\t \n\n# STEP 2\nprint \"Building Haskell File(s)\"\n# TODO: Should be done with cabal? (But can cabal include *.o files??)\nframework_args = \" \".join(\"-framework \" + x for x in frameworks)\nobjects_path = os.path.join(env('OBJECT_FILE_DIR_normal'),\n                            env('CURRENT_ARCH'), \n                            \"*.o\")\nargs = \" \".join([\"-O\", \"--make\", \"-threaded\",\n                 hssource,\n                 '-o \"./' + env('EXECUTABLE_NAME') + '\"',\n                 \" \".join(filelist),\n                 framework_args])\n                 \nprint \"ghc \" + args\n                \nretcode = call(\"ghc \" + args, shell=True)\nif retcode != 0:\n    sys.exit(retcode)\n    \n\n# STEP 3\n# (somehow building the executable directly in the target path\n# seems not to overwrite the c-executable)\nprint \"moving executable...\"\nexec_path = os.path.join(env('BUILT_PRODUCTS_DIR'),\n                         env('EXECUTABLE_PATH'))\nshutil.move(env('EXECUTABLE_NAME'), \n            exec_path)\n\n";
		};
/* End PBXShellScriptBuildPhase section */

/* Begin PBXSourcesBuildPhase section */
		8D11072C0486CEB800E47090 /* Sources */ = {
			isa = PBXSourcesBuildPhase;
			buildActionMask = 2147483647;
			files = (
				256AC3DA0F4B6AC300CF3369 /* CurrencyConverterAppDelegate.m in Sources */,
				A371E20312714154009FAA94 /* Converter.m in Sources */,
				A332750F1271486A00976928 /* ConverterController.m in Sources */,
				A3327720127176D800976928 /* HSOBJC_dummy_C.m in Sources */,
			);
			runOnlyForDeploymentPostprocessing = 0;
		};
		A33277C91271812F00976928 /* Sources */ = {
			isa = PBXSourcesBuildPhase;
			buildActionMask = 2147483647;
			files = (
				A33277CA1271812F00976928 /* CurrencyConverterAppDelegate.m in Sources */,
				A33277CB1271812F00976928 /* Converter.m in Sources */,
				A33277CC1271812F00976928 /* ConverterController.m in Sources */,
				A33277CD1271812F00976928 /* HSOBJC_dummy_C.m in Sources */,
			);
			runOnlyForDeploymentPostprocessing = 0;
		};
/* End PBXSourcesBuildPhase section */

/* Begin PBXVariantGroup section */
		089C165CFE840E0CC02AAC07 /* InfoPlist.strings */ = {
			isa = PBXVariantGroup;
			children = (
				089C165DFE840E0CC02AAC07 /* English */,
			);
			name = InfoPlist.strings;
			sourceTree = "<group>";
		};
		1DDD58140DA1D0A300B32029 /* MainMenu.xib */ = {
			isa = PBXVariantGroup;
			children = (
				1DDD58150DA1D0A300B32029 /* English */,
			);
			name = MainMenu.xib;
			sourceTree = "<group>";
		};
/* End PBXVariantGroup section */

/* Begin XCBuildConfiguration section */
		A33277D21271812F00976928 /* Debug */ = {
			isa = XCBuildConfiguration;
			buildSettings = {
				ALWAYS_SEARCH_USER_PATHS = NO;
				COPY_PHASE_STRIP = NO;
				GCC_DYNAMIC_NO_PIC = NO;
				GCC_ENABLE_FIX_AND_CONTINUE = YES;
				GCC_MODEL_TUNING = G5;
				GCC_OPTIMIZATION_LEVEL = 0;
				GCC_PRECOMPILE_PREFIX_HEADER = YES;
				GCC_PREFIX_HEADER = CurrencyConverter_Prefix.pch;
				INFOPLIST_FILE = "CurrencyConverter-Info copy.plist";
				INSTALL_PATH = "$(HOME)/Applications";
				LIBRARY_SEARCH_PATHS = "$(inherited)";
				PRODUCT_NAME = CurrencyConverter;
			};
			name = Debug;
		};
		A33277D31271812F00976928 /* Release */ = {
			isa = XCBuildConfiguration;
			buildSettings = {
				ALWAYS_SEARCH_USER_PATHS = NO;
				DEBUG_INFORMATION_FORMAT = "dwarf-with-dsym";
				GCC_MODEL_TUNING = G5;
				GCC_PRECOMPILE_PREFIX_HEADER = YES;
				GCC_PREFIX_HEADER = CurrencyConverter_Prefix.pch;
				INFOPLIST_FILE = "CurrencyConverter-Info copy.plist";
				INSTALL_PATH = "$(HOME)/Applications";
				LIBRARY_SEARCH_PATHS = (
					"$(inherited)",
					"\\\"$(SRCROOT)/../haskell\\\"",
					"\\\"$(LOCAL_LIBRARY_DIR)/Frameworks/GHC.framework/Versions/700/usr/lib/ghc-7.0.0.20100924\\\"",
					"\\\"$(LOCAL_LIBRARY_DIR)/Frameworks/GHC.framework/Versions/700/usr/lib/ghc-7.0.0.20100924/array-0.3.0.2\\\"",
					"\\\"$(LOCAL_LIBRARY_DIR)/Frameworks/GHC.framework/Versions/700/usr/lib/ghc-7.0.0.20100924/base-4.3.0.0\\\"",
				);
				PRODUCT_NAME = CurrencyConverter;
			};
			name = Release;
		};
		C01FCF4B08A954540054247B /* Debug */ = {
			isa = XCBuildConfiguration;
			buildSettings = {
				ALWAYS_SEARCH_USER_PATHS = NO;
				COPY_PHASE_STRIP = NO;
				GCC_DYNAMIC_NO_PIC = NO;
				GCC_ENABLE_FIX_AND_CONTINUE = YES;
				GCC_MODEL_TUNING = G5;
				GCC_OPTIMIZATION_LEVEL = 0;
				GCC_PRECOMPILE_PREFIX_HEADER = YES;
				GCC_PREFIX_HEADER = CurrencyConverter_Prefix.pch;
				INFOPLIST_FILE = "CurrencyConverter-Info.plist";
				INSTALL_PATH = "$(HOME)/Applications";
				LIBRARY_SEARCH_PATHS = "$(inherited)";
				PRODUCT_NAME = CurrencyConverter;
			};
			name = Debug;
		};
		C01FCF4C08A954540054247B /* Release */ = {
			isa = XCBuildConfiguration;
			buildSettings = {
				ALWAYS_SEARCH_USER_PATHS = NO;
				DEBUG_INFORMATION_FORMAT = "dwarf-with-dsym";
				GCC_MODEL_TUNING = G5;
				GCC_PRECOMPILE_PREFIX_HEADER = YES;
				GCC_PREFIX_HEADER = CurrencyConverter_Prefix.pch;
				INFOPLIST_FILE = "CurrencyConverter-Info.plist";
				INSTALL_PATH = "$(HOME)/Applications";
				LIBRARY_SEARCH_PATHS = (
					"$(inherited)",
					"\"$(SRCROOT)/../haskell\"",
					"\"$(LOCAL_LIBRARY_DIR)/Frameworks/GHC.framework/Versions/700/usr/lib/ghc-7.0.0.20100924\"",
					"\"$(LOCAL_LIBRARY_DIR)/Frameworks/GHC.framework/Versions/700/usr/lib/ghc-7.0.0.20100924/array-0.3.0.2\"",
					"\"$(LOCAL_LIBRARY_DIR)/Frameworks/GHC.framework/Versions/700/usr/lib/ghc-7.0.0.20100924/base-4.3.0.0\"",
				);
				PRODUCT_NAME = CurrencyConverter;
			};
			name = Release;
		};
		C01FCF4F08A954540054247B /* Debug */ = {
			isa = XCBuildConfiguration;
			buildSettings = {
				ARCHS = "$(ARCHS_STANDARD_32_64_BIT)";
				FRAMEWORK_SEARCH_PATHS = "";
				GCC_C_LANGUAGE_STANDARD = gnu99;
				GCC_ENABLE_OBJC_GC = supported;
				GCC_OPTIMIZATION_LEVEL = 0;
				GCC_VERSION = com.apple.compilers.llvm.clang.1_0;
				GCC_WARN_ABOUT_RETURN_TYPE = YES;
				GCC_WARN_UNUSED_VARIABLE = YES;
				ONLY_ACTIVE_ARCH = YES;
				PREBINDING = NO;
				SDKROOT = macosx10.6;
				USER_HEADER_SEARCH_PATHS = "";
			};
			name = Debug;
		};
		C01FCF5008A954540054247B /* Release */ = {
			isa = XCBuildConfiguration;
			buildSettings = {
				ARCHS = "$(ARCHS_STANDARD_32_BIT)";
				FRAMEWORK_SEARCH_PATHS = "/Library/Frameworks/GHC.framework/Versions/Current/usr/lib/ghc-7.0.0.20100924";
				GCC_C_LANGUAGE_STANDARD = gnu99;
				GCC_ENABLE_OBJC_GC = supported;
				GCC_VERSION = 4.2;
				GCC_WARN_ABOUT_RETURN_TYPE = YES;
				GCC_WARN_UNUSED_VARIABLE = YES;
				PREBINDING = NO;
				SDKROOT = macosx10.6;
				USER_HEADER_SEARCH_PATHS = "/Library/Frameworks/GHC.framework/Versions/Current/usr/lib/ghc-7.0.0.20100924/include";
			};
			name = Release;
		};
/* End XCBuildConfiguration section */

/* Begin XCConfigurationList section */
		A33277D11271812F00976928 /* Build configuration list for PBXNativeTarget "CurrencyConverter Dummy" */ = {
			isa = XCConfigurationList;
			buildConfigurations = (
				A33277D21271812F00976928 /* Debug */,
				A33277D31271812F00976928 /* Release */,
			);
			defaultConfigurationIsVisible = 0;
			defaultConfigurationName = Release;
		};
		C01FCF4A08A954540054247B /* Build configuration list for PBXNativeTarget "CurrencyConverter" */ = {
			isa = XCConfigurationList;
			buildConfigurations = (
				C01FCF4B08A954540054247B /* Debug */,
				C01FCF4C08A954540054247B /* Release */,
			);
			defaultConfigurationIsVisible = 0;
			defaultConfigurationName = Release;
		};
		C01FCF4E08A954540054247B /* Build configuration list for PBXProject "CurrencyConverter" */ = {
			isa = XCConfigurationList;
			buildConfigurations = (
				C01FCF4F08A954540054247B /* Debug */,
				C01FCF5008A954540054247B /* Release */,
			);
			defaultConfigurationIsVisible = 0;
			defaultConfigurationName = Release;
		};
/* End XCConfigurationList section */
	};
	rootObject = 29B97313FDCFA39411CA2CEA /* Project object */;
}
